# This file is autogenerated, do not edit; changes may be undone by the next 'dep ensure'.


[[projects]]
  name = "github.com/cloudfoundry-community/go-cfenv"
  packages = ["."]
  revision = "f920e9562d5f951cbf11785728f67258c38a10d0"
  version = "v1.17.0"

[[projects]]
  name = "github.com/gorilla/websocket"
  packages = ["."]
  revision = "ea4d1f681babbce9545c9c5f3d5194a789c89f5b"
  version = "v1.2.0"

[[projects]]
  branch = "master"
  name = "github.com/mitchellh/mapstructure"
  packages = ["."]
  revision = "00c29f56e2386353d58c599509e8dc3801b0d716"

[[projects]]
  name = "github.com/nlopes/slack"
  packages = ["."]
  revision = "8ab4d0b364ef1e9af5d102531da20d5ec902b6c4"
  version = "v0.2.0"

[[projects]]
  name = "github.com/robfig/cron"
  packages = ["."]
  revision = "b024fc5ea0e34bc3f83d9941c8d60b0622bfaca4"
  version = "v1"

[[projects]]
  name = "gopkg.in/yaml.v2"
  packages = ["."]
  revision = "7f97868eec74b32b0982dd158a51a446d1da7eb5"
  version = "v2.1.1"

[solve-meta]
  analyzer-name = "dep"
  analyzer-version = 1
  inputs-digest = "764286e0bc97f718142be38766009238896308c30e5e9fdc9d09e07184eaea71"
  solver-name = "gps-cdcl"
  solver-version = 1
